
Microsoft Visual Studio Solution File, Format Version 12.00
# Visual Studio Version 17
VisualStudioVersion = 17.5.33414.496
MinimumVisualStudioVersion = 10.0.40219.1
Project("{FAE04EC0-301F-11D3-BF4B-00C04F79EFBC}") = "TicTacToe", "TicTacToe\TicTacToe.csproj", "{B52414D5-26E7-48BA-B36C-8F3133D9EBAF}"
EndProject
Global
	GlobalSection(SolutionConfigurationPlatforms) = preSolution
		Debug|Any CPU = Debug|Any CPU
		Release|Any CPU = Release|Any CPU
	EndGlobalSection
	GlobalSection(ProjectConfigurationPlatforms) = postSolution
		{B52414D5-26E7-48BA-B36C-8F3133D9EBAF}.Debug|Any CPU.ActiveCfg = Debug|Any CPU
		{B52414D5-26E7-48BA-B36C-8F3133D9EBAF}.Debug|Any CPU.Build.0 = Debug|Any CPU
		{B52414D5-26E7-48BA-B36C-8F3133D9EBAF}.Release|Any CPU.ActiveCfg = Release|Any CPU
		{B52414D5-26E7-48BA-B36C-8F3133D9EBAF}.Release|Any CPU.Build.0 = Release|Any CPU
	EndGlobalSection
	GlobalSection(SolutionProperties) = preSolution
		HideSolutionNode = FALSE
	EndGlobalSection
	GlobalSection(ExtensibilityGlobals) = postSolution
		SolutionGuid = {F115A176-FCB5-45D3-AC33-943025E325CC}
	EndGlobalSection
EndGlobal
